
Microsoft Visual Studio Solution File, Format Version 12.00
# Visual Studio Version 17
VisualStudioVersion = 17.4.33122.133
MinimumVisualStudioVersion = 10.0.40219.1
Project("{FAE04EC0-301F-11D3-BF4B-00C04F79EFBC}") = "Inheritance_datetime_Task", "Inheritance_datetime_Task\Inheritance_datetime_Task.csproj", "{30CD6036-DF09-49EE-AA95-59720D5238B7}"
EndProject
Global
	GlobalSection(SolutionConfigurationPlatforms) = preSolution
		Debug|Any CPU = Debug|Any CPU
		Release|Any CPU = Release|Any CPU
	EndGlobalSection
	GlobalSection(ProjectConfigurationPlatforms) = postSolution
		{30CD6036-DF09-49EE-AA95-59720D5238B7}.Debug|Any CPU.ActiveCfg = Debug|Any CPU
		{30CD6036-DF09-49EE-AA95-59720D5238B7}.Debug|Any CPU.Build.0 = Debug|Any CPU
		{30CD6036-DF09-49EE-AA95-59720D5238B7}.Release|Any CPU.ActiveCfg = Release|Any CPU
		{30CD6036-DF09-49EE-AA95-59720D5238B7}.Release|Any CPU.Build.0 = Release|Any CPU
	EndGlobalSection
	GlobalSection(SolutionProperties) = preSolution
		HideSolutionNode = FALSE
	EndGlobalSection
	GlobalSection(ExtensibilityGlobals) = postSolution
		SolutionGuid = {FAF673A8-2175-4FBD-B0C7-9F39690B02BD}
	EndGlobalSection
EndGlobal
